
Microsoft Visual Studio Solution File, Format Version 12.00
# Visual Studio Version 17
VisualStudioVersion = 17.9.34902.65
MinimumVisualStudioVersion = 10.0.40219.1
Project("{9A19103F-16F7-4668-BE54-9A1E7A4F7556}") = "AuthProject.API", "AuthProject.API\AuthProject.API.csproj", "{5761CCF7-013B-43AA-9F54-92E5DC16D419}"
EndProject
Project("{E53339B2-1760-4266-BCC7-CA923CBCF16C}") = "docker-compose", "docker-compose.dcproj", "{71D3DDE0-C97F-4DA9-91E1-D5A23EC0E87E}"
EndProject
Global
	GlobalSection(SolutionConfigurationPlatforms) = preSolution
		Debug|Any CPU = Debug|Any CPU
		Release|Any CPU = Release|Any CPU
	EndGlobalSection
	GlobalSection(ProjectConfigurationPlatforms) = postSolution
		{5761CCF7-013B-43AA-9F54-92E5DC16D419}.Debug|Any CPU.ActiveCfg = Debug|Any CPU
		{5761CCF7-013B-43AA-9F54-92E5DC16D419}.Debug|Any CPU.Build.0 = Debug|Any CPU
		{5761CCF7-013B-43AA-9F54-92E5DC16D419}.Release|Any CPU.ActiveCfg = Release|Any CPU
		{5761CCF7-013B-43AA-9F54-92E5DC16D419}.Release|Any CPU.Build.0 = Release|Any CPU
		{71D3DDE0-C97F-4DA9-91E1-D5A23EC0E87E}.Debug|Any CPU.ActiveCfg = Debug|Any CPU
		{71D3DDE0-C97F-4DA9-91E1-D5A23EC0E87E}.Debug|Any CPU.Build.0 = Debug|Any CPU
		{71D3DDE0-C97F-4DA9-91E1-D5A23EC0E87E}.Release|Any CPU.ActiveCfg = Release|Any CPU
		{71D3DDE0-C97F-4DA9-91E1-D5A23EC0E87E}.Release|Any CPU.Build.0 = Release|Any CPU
	EndGlobalSection
	GlobalSection(SolutionProperties) = preSolution
		HideSolutionNode = FALSE
	EndGlobalSection
	GlobalSection(ExtensibilityGlobals) = postSolution
		SolutionGuid = {D5F6F928-2E4E-48CC-B957-03E8809766A0}
	EndGlobalSection
EndGlobal
